
Microsoft Visual Studio Solution File, Format Version 12.00
# Visual Studio 15
VisualStudioVersion = 15.0.26430.16
MinimumVisualStudioVersion = 10.0.40219.1
Project("{FAE04EC0-301F-11D3-BF4B-00C04F79EFBC}") = "wpfRoute", "wpfRoute\wpfRoute.csproj", "{AEA40E24-1563-46DE-9108-C690ED8AF34D}"
EndProject
Global
	GlobalSection(SolutionConfigurationPlatforms) = preSolution
		Debug|Any CPU = Debug|Any CPU
		Release|Any CPU = Release|Any CPU
	EndGlobalSection
	GlobalSection(ProjectConfigurationPlatforms) = postSolution
		{AEA40E24-1563-46DE-9108-C690ED8AF34D}.Debug|Any CPU.ActiveCfg = Debug|Any CPU
		{AEA40E24-1563-46DE-9108-C690ED8AF34D}.Debug|Any CPU.Build.0 = Debug|Any CPU
		{AEA40E24-1563-46DE-9108-C690ED8AF34D}.Release|Any CPU.ActiveCfg = Release|Any CPU
		{AEA40E24-1563-46DE-9108-C690ED8AF34D}.Release|Any CPU.Build.0 = Release|Any CPU
	EndGlobalSection
	GlobalSection(SolutionProperties) = preSolution
		HideSolutionNode = FALSE
	EndGlobalSection
EndGlobal
