
Microsoft Visual Studio Solution File, Format Version 12.00
# Visual Studio 15
VisualStudioVersion = 15.0.26430.13
MinimumVisualStudioVersion = 10.0.40219.1
Project("{FAE04EC0-301F-11D3-BF4B-00C04F79EFBC}") = "FirstApp1.Android", "FirstApp1\FirstApp1.Android\FirstApp1.Android.csproj", "{74724476-E051-4252-B6FE-65E27B9580C9}"
EndProject
Project("{FAE04EC0-301F-11D3-BF4B-00C04F79EFBC}") = "FirstApp1", "FirstApp1\FirstApp1\FirstApp1.csproj", "{AADC227C-5254-400C-9A69-F5FA6C21C6BA}"
EndProject
Project("{FAE04EC0-301F-11D3-BF4B-00C04F79EFBC}") = "FirstApp1.UWP", "FirstApp1\FirstApp1.UWP\FirstApp1.UWP.csproj", "{2C8F7496-1C2B-4C55-BB37-70B55E88A347}"
EndProject
Project("{FAE04EC0-301F-11D3-BF4B-00C04F79EFBC}") = "FirstApp1.iOS", "FirstApp1\FirstApp1.iOS\FirstApp1.iOS.csproj", "{33BED645-B58C-4BC3-B809-35439D61E123}"
EndProject
Global
	GlobalSection(SolutionConfigurationPlatforms) = preSolution
		Ad-Hoc|Any CPU = Ad-Hoc|Any CPU
		Ad-Hoc|ARM = Ad-Hoc|ARM
		Ad-Hoc|iPhone = Ad-Hoc|iPhone
		Ad-Hoc|iPhoneSimulator = Ad-Hoc|iPhoneSimulator
		Ad-Hoc|x64 = Ad-Hoc|x64
		Ad-Hoc|x86 = Ad-Hoc|x86
		AppStore|Any CPU = AppStore|Any CPU
		AppStore|ARM = AppStore|ARM
		AppStore|iPhone = AppStore|iPhone
		AppStore|iPhoneSimulator = AppStore|iPhoneSimulator
		AppStore|x64 = AppStore|x64
		AppStore|x86 = AppStore|x86
		Debug|Any CPU = Debug|Any CPU
		Debug|ARM = Debug|ARM
		Debug|iPhone = Debug|iPhone
		Debug|iPhoneSimulator = Debug|iPhoneSimulator
		Debug|x64 = Debug|x64
		Debug|x86 = Debug|x86
		Release|Any CPU = Release|Any CPU
		Release|ARM = Release|ARM
		Release|iPhone = Release|iPhone
		Release|iPhoneSimulator = Release|iPhoneSimulator
		Release|x64 = Release|x64
		Release|x86 = Release|x86
	EndGlobalSection
	GlobalSection(ProjectConfigurationPlatforms) = postSolution
		{74724476-E051-4252-B6FE-65E27B9580C9}.Ad-Hoc|Any CPU.ActiveCfg = Release|Any CPU
		{74724476-E051-4252-B6FE-65E27B9580C9}.Ad-Hoc|Any CPU.Build.0 = Release|Any CPU
		{74724476-E051-4252-B6FE-65E27B9580C9}.Ad-Hoc|Any CPU.Deploy.0 = Release|Any CPU
		{74724476-E051-4252-B6FE-65E27B9580C9}.Ad-Hoc|ARM.ActiveCfg = Release|Any CPU
		{74724476-E051-4252-B6FE-65E27B9580C9}.Ad-Hoc|ARM.Build.0 = Release|Any CPU
		{74724476-E051-4252-B6FE-65E27B9580C9}.Ad-Hoc|ARM.Deploy.0 = Release|Any CPU
		{74724476-E051-4252-B6FE-65E27B9580C9}.Ad-Hoc|iPhone.ActiveCfg = Release|Any CPU
		{74724476-E051-4252-B6FE-65E27B9580C9}.Ad-Hoc|iPhone.Build.0 = Release|Any CPU
		{74724476-E051-4252-B6FE-65E27B9580C9}.Ad-Hoc|iPhone.Deploy.0 = Release|Any CPU
		{74724476-E051-4252-B6FE-65E27B9580C9}.Ad-Hoc|iPhoneSimulator.ActiveCfg = Release|Any CPU
		{74724476-E051-4252-B6FE-65E27B9580C9}.Ad-Hoc|iPhoneSimulator.Build.0 = Release|Any CPU
		{74724476-E051-4252-B6FE-65E27B9580C9}.Ad-Hoc|iPhoneSimulator.Deploy.0 = Release|Any CPU
		{74724476-E051-4252-B6FE-65E27B9580C9}.Ad-Hoc|x64.ActiveCfg = Release|Any CPU
		{74724476-E051-4252-B6FE-65E27B9580C9}.Ad-Hoc|x64.Build.0 = Release|Any CPU
		{74724476-E051-4252-B6FE-65E27B9580C9}.Ad-Hoc|x64.Deploy.0 = Release|Any CPU
		{74724476-E051-4252-B6FE-65E27B9580C9}.Ad-Hoc|x86.ActiveCfg = Release|Any CPU
		{74724476-E051-4252-B6FE-65E27B9580C9}.Ad-Hoc|x86.Build.0 = Release|Any CPU
		{74724476-E051-4252-B6FE-65E27B9580C9}.Ad-Hoc|x86.Deploy.0 = Release|Any CPU
		{74724476-E051-4252-B6FE-65E27B9580C9}.AppStore|Any CPU.ActiveCfg = Release|Any CPU
		{74724476-E051-4252-B6FE-65E27B9580C9}.AppStore|Any CPU.Build.0 = Release|Any CPU
		{74724476-E051-4252-B6FE-65E27B9580C9}.AppStore|Any CPU.Deploy.0 = Release|Any CPU
		{74724476-E051-4252-B6FE-65E27B9580C9}.AppStore|ARM.ActiveCfg = Release|Any CPU
		{74724476-E051-4252-B6FE-65E27B9580C9}.AppStore|ARM.Build.0 = Release|Any CPU
		{74724476-E051-4252-B6FE-65E27B9580C9}.AppStore|ARM.Deploy.0 = Release|Any CPU
		{74724476-E051-4252-B6FE-65E27B9580C9}.AppStore|iPhone.ActiveCfg = Release|Any CPU
		{74724476-E051-4252-B6FE-65E27B9580C9}.AppStore|iPhone.Build.0 = Release|Any CPU
		{74724476-E051-4252-B6FE-65E27B9580C9}.AppStore|iPhone.Deploy.0 = Release|Any CPU
		{74724476-E051-4252-B6FE-65E27B9580C9}.AppStore|iPhoneSimulator.ActiveCfg = Release|Any CPU
		{74724476-E051-4252-B6FE-65E27B9580C9}.AppStore|iPhoneSimulator.Build.0 = Release|Any CPU
		{74724476-E051-4252-B6FE-65E27B9580C9}.AppStore|iPhoneSimulator.Deploy.0 = Release|Any CPU
		{74724476-E051-4252-B6FE-65E27B9580C9}.AppStore|x64.ActiveCfg = Release|Any CPU
		{74724476-E051-4252-B6FE-65E27B9580C9}.AppStore|x64.Build.0 = Release|Any CPU
		{74724476-E051-4252-B6FE-65E27B9580C9}.AppStore|x64.Deploy.0 = Release|Any CPU
		{74724476-E051-4252-B6FE-65E27B9580C9}.AppStore|x86.ActiveCfg = Release|Any CPU
		{74724476-E051-4252-B6FE-65E27B9580C9}.AppStore|x86.Build.0 = Release|Any CPU
		{74724476-E051-4252-B6FE-65E27B9580C9}.AppStore|x86.Deploy.0 = Release|Any CPU
		{74724476-E051-4252-B6FE-65E27B9580C9}.Debug|Any CPU.ActiveCfg = Debug|Any CPU
		{74724476-E051-4252-B6FE-65E27B9580C9}.Debug|Any CPU.Build.0 = Debug|Any CPU
		{74724476-E051-4252-B6FE-65E27B9580C9}.Debug|Any CPU.Deploy.0 = Debug|Any CPU
		{74724476-E051-4252-B6FE-65E27B9580C9}.Debug|ARM.ActiveCfg = Debug|Any CPU
		{74724476-E051-4252-B6FE-65E27B9580C9}.Debug|ARM.Build.0 = Debug|Any CPU
		{74724476-E051-4252-B6FE-65E27B9580C9}.Debug|ARM.Deploy.0 = Debug|Any CPU
		{74724476-E051-4252-B6FE-65E27B9580C9}.Debug|iPhone.ActiveCfg = Debug|Any CPU
		{74724476-E051-4252-B6FE-65E27B9580C9}.Debug|iPhone.Build.0 = Debug|Any CPU
		{74724476-E051-4252-B6FE-65E27B9580C9}.Debug|iPhone.Deploy.0 = Debug|Any CPU
		{74724476-E051-4252-B6FE-65E27B9580C9}.Debug|iPhoneSimulator.ActiveCfg = Debug|Any CPU
		{74724476-E051-4252-B6FE-65E27B9580C9}.Debug|iPhoneSimulator.Build.0 = Debug|Any CPU
		{74724476-E051-4252-B6FE-65E27B9580C9}.Debug|iPhoneSimulator.Deploy.0 = Debug|Any CPU
		{74724476-E051-4252-B6FE-65E27B9580C9}.Debug|x64.ActiveCfg = Debug|Any CPU
		{74724476-E051-4252-B6FE-65E27B9580C9}.Debug|x64.Build.0 = Debug|Any CPU
		{74724476-E051-4252-B6FE-65E27B9580C9}.Debug|x64.Deploy.0 = Debug|Any CPU
		{74724476-E051-4252-B6FE-65E27B9580C9}.Debug|x86.ActiveCfg = Debug|Any CPU
		{74724476-E051-4252-B6FE-65E27B9580C9}.Debug|x86.Build.0 = Debug|Any CPU
		{74724476-E051-4252-B6FE-65E27B9580C9}.Debug|x86.Deploy.0 = Debug|Any CPU
		{74724476-E051-4252-B6FE-65E27B9580C9}.Release|Any CPU.ActiveCfg = Release|Any CPU
		{74724476-E051-4252-B6FE-65E27B9580C9}.Release|Any CPU.Build.0 = Release|Any CPU
		{74724476-E051-4252-B6FE-65E27B9580C9}.Release|Any CPU.Deploy.0 = Release|Any CPU
		{74724476-E051-4252-B6FE-65E27B9580C9}.Release|ARM.ActiveCfg = Release|Any CPU
		{74724476-E051-4252-B6FE-65E27B9580C9}.Release|ARM.Build.0 = Release|Any CPU
		{74724476-E051-4252-B6FE-65E27B9580C9}.Release|ARM.Deploy.0 = Release|Any CPU
		{74724476-E051-4252-B6FE-65E27B9580C9}.Release|iPhone.ActiveCfg = Release|Any CPU
		{74724476-E051-4252-B6FE-65E27B9580C9}.Release|iPhone.Build.0 = Release|Any CPU
		{74724476-E051-4252-B6FE-65E27B9580C9}.Release|iPhone.Deploy.0 = Release|Any CPU
		{74724476-E051-4252-B6FE-65E27B9580C9}.Release|iPhoneSimulator.ActiveCfg = Release|Any CPU
		{74724476-E051-4252-B6FE-65E27B9580C9}.Release|iPhoneSimulator.Build.0 = Release|Any CPU
		{74724476-E051-4252-B6FE-65E27B9580C9}.Release|iPhoneSimulator.Deploy.0 = Release|Any CPU
		{74724476-E051-4252-B6FE-65E27B9580C9}.Release|x64.ActiveCfg = Release|Any CPU
		{74724476-E051-4252-B6FE-65E27B9580C9}.Release|x64.Build.0 = Release|Any CPU
		{74724476-E051-4252-B6FE-65E27B9580C9}.Release|x64.Deploy.0 = Release|Any CPU
		{74724476-E051-4252-B6FE-65E27B9580C9}.Release|x86.ActiveCfg = Release|Any CPU
		{74724476-E051-4252-B6FE-65E27B9580C9}.Release|x86.Build.0 = Release|Any CPU
		{74724476-E051-4252-B6FE-65E27B9580C9}.Release|x86.Deploy.0 = Release|Any CPU
		{AADC227C-5254-400C-9A69-F5FA6C21C6BA}.Ad-Hoc|Any CPU.ActiveCfg = Release|Any CPU
		{AADC227C-5254-400C-9A69-F5FA6C21C6BA}.Ad-Hoc|Any CPU.Build.0 = Release|Any CPU
		{AADC227C-5254-400C-9A69-F5FA6C21C6BA}.Ad-Hoc|ARM.ActiveCfg = Release|Any CPU
		{AADC227C-5254-400C-9A69-F5FA6C21C6BA}.Ad-Hoc|ARM.Build.0 = Release|Any CPU
		{AADC227C-5254-400C-9A69-F5FA6C21C6BA}.Ad-Hoc|iPhone.ActiveCfg = Release|Any CPU
		{AADC227C-5254-400C-9A69-F5FA6C21C6BA}.Ad-Hoc|iPhone.Build.0 = Release|Any CPU
		{AADC227C-5254-400C-9A69-F5FA6C21C6BA}.Ad-Hoc|iPhoneSimulator.ActiveCfg = Release|Any CPU
		{AADC227C-5254-400C-9A69-F5FA6C21C6BA}.Ad-Hoc|iPhoneSimulator.Build.0 = Release|Any CPU
		{AADC227C-5254-400C-9A69-F5FA6C21C6BA}.Ad-Hoc|x64.ActiveCfg = Release|Any CPU
		{AADC227C-5254-400C-9A69-F5FA6C21C6BA}.Ad-Hoc|x64.Build.0 = Release|Any CPU
		{AADC227C-5254-400C-9A69-F5FA6C21C6BA}.Ad-Hoc|x86.ActiveCfg = Release|Any CPU
		{AADC227C-5254-400C-9A69-F5FA6C21C6BA}.Ad-Hoc|x86.Build.0 = Release|Any CPU
		{AADC227C-5254-400C-9A69-F5FA6C21C6BA}.AppStore|Any CPU.ActiveCfg = Release|Any CPU
		{AADC227C-5254-400C-9A69-F5FA6C21C6BA}.AppStore|Any CPU.Build.0 = Release|Any CPU
		{AADC227C-5254-400C-9A69-F5FA6C21C6BA}.AppStore|ARM.ActiveCfg = Release|Any CPU
		{AADC227C-5254-400C-9A69-F5FA6C21C6BA}.AppStore|ARM.Build.0 = Release|Any CPU
		{AADC227C-5254-400C-9A69-F5FA6C21C6BA}.AppStore|iPhone.ActiveCfg = Release|Any CPU
		{AADC227C-5254-400C-9A69-F5FA6C21C6BA}.AppStore|iPhone.Build.0 = Release|Any CPU
		{AADC227C-5254-400C-9A69-F5FA6C21C6BA}.AppStore|iPhoneSimulator.ActiveCfg = Release|Any CPU
		{AADC227C-5254-400C-9A69-F5FA6C21C6BA}.AppStore|iPhoneSimulator.Build.0 = Release|Any CPU
		{AADC227C-5254-400C-9A69-F5FA6C21C6BA}.AppStore|x64.ActiveCfg = Release|Any CPU
		{AADC227C-5254-400C-9A69-F5FA6C21C6BA}.AppStore|x64.Build.0 = Release|Any CPU
		{AADC227C-5254-400C-9A69-F5FA6C21C6BA}.AppStore|x86.ActiveCfg = Release|Any CPU
		{AADC227C-5254-400C-9A69-F5FA6C21C6BA}.AppStore|x86.Build.0 = Release|Any CPU
		{AADC227C-5254-400C-9A69-F5FA6C21C6BA}.Debug|Any CPU.ActiveCfg = Debug|Any CPU
		{AADC227C-5254-400C-9A69-F5FA6C21C6BA}.Debug|Any CPU.Build.0 = Debug|Any CPU
		{AADC227C-5254-400C-9A69-F5FA6C21C6BA}.Debug|ARM.ActiveCfg = Debug|Any CPU
		{AADC227C-5254-400C-9A69-F5FA6C21C6BA}.Debug|ARM.Build.0 = Debug|Any CPU
		{AADC227C-5254-400C-9A69-F5FA6C21C6BA}.Debug|iPhone.ActiveCfg = Debug|Any CPU
		{AADC227C-5254-400C-9A69-F5FA6C21C6BA}.Debug|iPhone.Build.0 = Debug|Any CPU
		{AADC227C-5254-400C-9A69-F5FA6C21C6BA}.Debug|iPhoneSimulator.ActiveCfg = Debug|Any CPU
		{AADC227C-5254-400C-9A69-F5FA6C21C6BA}.Debug|iPhoneSimulator.Build.0 = Debug|Any CPU
		{AADC227C-5254-400C-9A69-F5FA6C21C6BA}.Debug|x64.ActiveCfg = Debug|Any CPU
		{AADC227C-5254-400C-9A69-F5FA6C21C6BA}.Debug|x64.Build.0 = Debug|Any CPU
		{AADC227C-5254-400C-9A69-F5FA6C21C6BA}.Debug|x86.ActiveCfg = Debug|Any CPU
		{AADC227C-5254-400C-9A69-F5FA6C21C6BA}.Debug|x86.Build.0 = Debug|Any CPU
		{AADC227C-5254-400C-9A69-F5FA6C21C6BA}.Release|Any CPU.ActiveCfg = Release|Any CPU
		{AADC227C-5254-400C-9A69-F5FA6C21C6BA}.Release|Any CPU.Build.0 = Release|Any CPU
		{AADC227C-5254-400C-9A69-F5FA6C21C6BA}.Release|ARM.ActiveCfg = Release|Any CPU
		{AADC227C-5254-400C-9A69-F5FA6C21C6BA}.Release|ARM.Build.0 = Release|Any CPU
		{AADC227C-5254-400C-9A69-F5FA6C21C6BA}.Release|iPhone.ActiveCfg = Release|Any CPU
		{AADC227C-5254-400C-9A69-F5FA6C21C6BA}.Release|iPhone.Build.0 = Release|Any CPU
		{AADC227C-5254-400C-9A69-F5FA6C21C6BA}.Release|iPhoneSimulator.ActiveCfg = Release|Any CPU
		{AADC227C-5254-400C-9A69-F5FA6C21C6BA}.Release|iPhoneSimulator.Build.0 = Release|Any CPU
		{AADC227C-5254-400C-9A69-F5FA6C21C6BA}.Release|x64.ActiveCfg = Release|Any CPU
		{AADC227C-5254-400C-9A69-F5FA6C21C6BA}.Release|x64.Build.0 = Release|Any CPU
		{AADC227C-5254-400C-9A69-F5FA6C21C6BA}.Release|x86.ActiveCfg = Release|Any CPU
		{AADC227C-5254-400C-9A69-F5FA6C21C6BA}.Release|x86.Build.0 = Release|Any CPU
		{2C8F7496-1C2B-4C55-BB37-70B55E88A347}.Ad-Hoc|Any CPU.ActiveCfg = Release|x86
		{2C8F7496-1C2B-4C55-BB37-70B55E88A347}.Ad-Hoc|Any CPU.Build.0 = Release|x86
		{2C8F7496-1C2B-4C55-BB37-70B55E88A347}.Ad-Hoc|Any CPU.Deploy.0 = Release|x86
		{2C8F7496-1C2B-4C55-BB37-70B55E88A347}.Ad-Hoc|ARM.ActiveCfg = Release|ARM
		{2C8F7496-1C2B-4C55-BB37-70B55E88A347}.Ad-Hoc|ARM.Build.0 = Release|ARM
		{2C8F7496-1C2B-4C55-BB37-70B55E88A347}.Ad-Hoc|ARM.Deploy.0 = Release|ARM
		{2C8F7496-1C2B-4C55-BB37-70B55E88A347}.Ad-Hoc|iPhone.ActiveCfg = Release|x86
		{2C8F7496-1C2B-4C55-BB37-70B55E88A347}.Ad-Hoc|iPhone.Build.0 = Release|x86
		{2C8F7496-1C2B-4C55-BB37-70B55E88A347}.Ad-Hoc|iPhone.Deploy.0 = Release|x86
		{2C8F7496-1C2B-4C55-BB37-70B55E88A347}.Ad-Hoc|iPhoneSimulator.ActiveCfg = Release|x86
		{2C8F7496-1C2B-4C55-BB37-70B55E88A347}.Ad-Hoc|iPhoneSimulator.Build.0 = Release|x86
		{2C8F7496-1C2B-4C55-BB37-70B55E88A347}.Ad-Hoc|iPhoneSimulator.Deploy.0 = Release|x86
		{2C8F7496-1C2B-4C55-BB37-70B55E88A347}.Ad-Hoc|x64.ActiveCfg = Release|x64
		{2C8F7496-1C2B-4C55-BB37-70B55E88A347}.Ad-Hoc|x64.Build.0 = Release|x64
		{2C8F7496-1C2B-4C55-BB37-70B55E88A347}.Ad-Hoc|x64.Deploy.0 = Release|x64
		{2C8F7496-1C2B-4C55-BB37-70B55E88A347}.Ad-Hoc|x86.ActiveCfg = Release|x86
		{2C8F7496-1C2B-4C55-BB37-70B55E88A347}.Ad-Hoc|x86.Build.0 = Release|x86
		{2C8F7496-1C2B-4C55-BB37-70B55E88A347}.Ad-Hoc|x86.Deploy.0 = Release|x86
		{2C8F7496-1C2B-4C55-BB37-70B55E88A347}.AppStore|Any CPU.ActiveCfg = Release|x86
		{2C8F7496-1C2B-4C55-BB37-70B55E88A347}.AppStore|Any CPU.Build.0 = Release|x86
		{2C8F7496-1C2B-4C55-BB37-70B55E88A347}.AppStore|Any CPU.Deploy.0 = Release|x86
		{2C8F7496-1C2B-4C55-BB37-70B55E88A347}.AppStore|ARM.ActiveCfg = Release|ARM
		{2C8F7496-1C2B-4C55-BB37-70B55E88A347}.AppStore|ARM.Build.0 = Release|ARM
		{2C8F7496-1C2B-4C55-BB37-70B55E88A347}.AppStore|ARM.Deploy.0 = Release|ARM
		{2C8F7496-1C2B-4C55-BB37-70B55E88A347}.AppStore|iPhone.ActiveCfg = Release|x86
		{2C8F7496-1C2B-4C55-BB37-70B55E88A347}.AppStore|iPhone.Build.0 = Release|x86
		{2C8F7496-1C2B-4C55-BB37-70B55E88A347}.AppStore|iPhone.Deploy.0 = Release|x86
		{2C8F7496-1C2B-4C55-BB37-70B55E88A347}.AppStore|iPhoneSimulator.ActiveCfg = Release|x86
		{2C8F7496-1C2B-4C55-BB37-70B55E88A347}.AppStore|iPhoneSimulator.Build.0 = Release|x86
		{2C8F7496-1C2B-4C55-BB37-70B55E88A347}.AppStore|iPhoneSimulator.Deploy.0 = Release|x86
		{2C8F7496-1C2B-4C55-BB37-70B55E88A347}.AppStore|x64.ActiveCfg = Release|x64
		{2C8F7496-1C2B-4C55-BB37-70B55E88A347}.AppStore|x64.Build.0 = Release|x64
		{2C8F7496-1C2B-4C55-BB37-70B55E88A347}.AppStore|x64.Deploy.0 = Release|x64
		{2C8F7496-1C2B-4C55-BB37-70B55E88A347}.AppStore|x86.ActiveCfg = Release|x86
		{2C8F7496-1C2B-4C55-BB37-70B55E88A347}.AppStore|x86.Build.0 = Release|x86
		{2C8F7496-1C2B-4C55-BB37-70B55E88A347}.AppStore|x86.Deploy.0 = Release|x86
		{2C8F7496-1C2B-4C55-BB37-70B55E88A347}.Debug|Any CPU.ActiveCfg = Debug|x86
		{2C8F7496-1C2B-4C55-BB37-70B55E88A347}.Debug|ARM.ActiveCfg = Debug|ARM
		{2C8F7496-1C2B-4C55-BB37-70B55E88A347}.Debug|ARM.Build.0 = Debug|ARM
		{2C8F7496-1C2B-4C55-BB37-70B55E88A347}.Debug|ARM.Deploy.0 = Debug|ARM
		{2C8F7496-1C2B-4C55-BB37-70B55E88A347}.Debug|iPhone.ActiveCfg = Debug|x86
		{2C8F7496-1C2B-4C55-BB37-70B55E88A347}.Debug|iPhoneSimulator.ActiveCfg = Debug|x86
		{2C8F7496-1C2B-4C55-BB37-70B55E88A347}.Debug|x64.ActiveCfg = Debug|x64
		{2C8F7496-1C2B-4C55-BB37-70B55E88A347}.Debug|x64.Build.0 = Debug|x64
		{2C8F7496-1C2B-4C55-BB37-70B55E88A347}.Debug|x64.Deploy.0 = Debug|x64
		{2C8F7496-1C2B-4C55-BB37-70B55E88A347}.Debug|x86.ActiveCfg = Debug|x86
		{2C8F7496-1C2B-4C55-BB37-70B55E88A347}.Debug|x86.Build.0 = Debug|x86
		{2C8F7496-1C2B-4C55-BB37-70B55E88A347}.Debug|x86.Deploy.0 = Debug|x86
		{2C8F7496-1C2B-4C55-BB37-70B55E88A347}.Release|Any CPU.ActiveCfg = Release|x86
		{2C8F7496-1C2B-4C55-BB37-70B55E88A347}.Release|ARM.ActiveCfg = Release|ARM
		{2C8F7496-1C2B-4C55-BB37-70B55E88A347}.Release|ARM.Build.0 = Release|ARM
		{2C8F7496-1C2B-4C55-BB37-70B55E88A347}.Release|ARM.Deploy.0 = Release|ARM
		{2C8F7496-1C2B-4C55-BB37-70B55E88A347}.Release|iPhone.ActiveCfg = Release|x86
		{2C8F7496-1C2B-4C55-BB37-70B55E88A347}.Release|iPhoneSimulator.ActiveCfg = Release|x86
		{2C8F7496-1C2B-4C55-BB37-70B55E88A347}.Release|x64.ActiveCfg = Release|x64
		{2C8F7496-1C2B-4C55-BB37-70B55E88A347}.Release|x64.Build.0 = Release|x64
		{2C8F7496-1C2B-4C55-BB37-70B55E88A347}.Release|x64.Deploy.0 = Release|x64
		{2C8F7496-1C2B-4C55-BB37-70B55E88A347}.Release|x86.ActiveCfg = Release|x86
		{2C8F7496-1C2B-4C55-BB37-70B55E88A347}.Release|x86.Build.0 = Release|x86
		{2C8F7496-1C2B-4C55-BB37-70B55E88A347}.Release|x86.Deploy.0 = Release|x86
		{33BED645-B58C-4BC3-B809-35439D61E123}.Ad-Hoc|Any CPU.ActiveCfg = Ad-Hoc|iPhone
		{33BED645-B58C-4BC3-B809-35439D61E123}.Ad-Hoc|ARM.ActiveCfg = Ad-Hoc|iPhone
		{33BED645-B58C-4BC3-B809-35439D61E123}.Ad-Hoc|iPhone.ActiveCfg = Ad-Hoc|iPhone
		{33BED645-B58C-4BC3-B809-35439D61E123}.Ad-Hoc|iPhone.Build.0 = Ad-Hoc|iPhone
		{33BED645-B58C-4BC3-B809-35439D61E123}.Ad-Hoc|iPhoneSimulator.ActiveCfg = Ad-Hoc|iPhoneSimulator
		{33BED645-B58C-4BC3-B809-35439D61E123}.Ad-Hoc|iPhoneSimulator.Build.0 = Ad-Hoc|iPhoneSimulator
		{33BED645-B58C-4BC3-B809-35439D61E123}.Ad-Hoc|x64.ActiveCfg = Ad-Hoc|iPhone
		{33BED645-B58C-4BC3-B809-35439D61E123}.Ad-Hoc|x86.ActiveCfg = Ad-Hoc|iPhone
		{33BED645-B58C-4BC3-B809-35439D61E123}.AppStore|Any CPU.ActiveCfg = AppStore|iPhone
		{33BED645-B58C-4BC3-B809-35439D61E123}.AppStore|ARM.ActiveCfg = AppStore|iPhone
		{33BED645-B58C-4BC3-B809-35439D61E123}.AppStore|iPhone.ActiveCfg = AppStore|iPhone
		{33BED645-B58C-4BC3-B809-35439D61E123}.AppStore|iPhone.Build.0 = AppStore|iPhone
		{33BED645-B58C-4BC3-B809-35439D61E123}.AppStore|iPhoneSimulator.ActiveCfg = AppStore|iPhoneSimulator
		{33BED645-B58C-4BC3-B809-35439D61E123}.AppStore|iPhoneSimulator.Build.0 = AppStore|iPhoneSimulator
		{33BED645-B58C-4BC3-B809-35439D61E123}.AppStore|x64.ActiveCfg = AppStore|iPhone
		{33BED645-B58C-4BC3-B809-35439D61E123}.AppStore|x86.ActiveCfg = AppStore|iPhone
		{33BED645-B58C-4BC3-B809-35439D61E123}.Debug|Any CPU.ActiveCfg = Debug|iPhone
		{33BED645-B58C-4BC3-B809-35439D61E123}.Debug|ARM.ActiveCfg = Debug|iPhone
		{33BED645-B58C-4BC3-B809-35439D61E123}.Debug|iPhone.ActiveCfg = Debug|iPhone
		{33BED645-B58C-4BC3-B809-35439D61E123}.Debug|iPhone.Build.0 = Debug|iPhone
		{33BED645-B58C-4BC3-B809-35439D61E123}.Debug|iPhoneSimulator.ActiveCfg = Debug|iPhoneSimulator
		{33BED645-B58C-4BC3-B809-35439D61E123}.Debug|iPhoneSimulator.Build.0 = Debug|iPhoneSimulator
		{33BED645-B58C-4BC3-B809-35439D61E123}.Debug|x64.ActiveCfg = Debug|iPhone
		{33BED645-B58C-4BC3-B809-35439D61E123}.Debug|x86.ActiveCfg = Debug|iPhone
		{33BED645-B58C-4BC3-B809-35439D61E123}.Release|Any CPU.ActiveCfg = Release|iPhone
		{33BED645-B58C-4BC3-B809-35439D61E123}.Release|ARM.ActiveCfg = Release|iPhone
		{33BED645-B58C-4BC3-B809-35439D61E123}.Release|iPhone.ActiveCfg = Release|iPhone
		{33BED645-B58C-4BC3-B809-35439D61E123}.Release|iPhone.Build.0 = Release|iPhone
		{33BED645-B58C-4BC3-B809-35439D61E123}.Release|iPhoneSimulator.ActiveCfg = Release|iPhoneSimulator
		{33BED645-B58C-4BC3-B809-35439D61E123}.Release|iPhoneSimulator.Build.0 = Release|iPhoneSimulator
		{33BED645-B58C-4BC3-B809-35439D61E123}.Release|x64.ActiveCfg = Release|iPhone
		{33BED645-B58C-4BC3-B809-35439D61E123}.Release|x86.ActiveCfg = Release|iPhone
	EndGlobalSection
	GlobalSection(SolutionProperties) = preSolution
		HideSolutionNode = FALSE
	EndGlobalSection
EndGlobal
